
Microsoft Visual Studio Solution File, Format Version 12.00
# Visual Studio Version 17
VisualStudioVersion = 17.0.32112.339
MinimumVisualStudioVersion = 10.0.40219.1
Project("{FAE04EC0-301F-11D3-BF4B-00C04F79EFBC}") = "Calculadora", "Calculadora\Calculadora.csproj", "{CB6D53F6-80F6-4D30-8CCB-5798081C1391}"
EndProject
Project("{FAE04EC0-301F-11D3-BF4B-00C04F79EFBC}") = "CalculadoraTest", "CalculadoraTest\CalculadoraTest.csproj", "{2D3FE6B5-F179-4509-8E7A-AB70D9392109}"
EndProject
Project("{2150E333-8FDC-42A3-9474-1A3956D46DE8}") = "Solution Items", "Solution Items", "{59D1F135-651E-4294-9EDC-5A4C56154451}"
	ProjectSection(SolutionItems) = preProject
		.editorconfig = .editorconfig
	EndProjectSection
EndProject
Global
	GlobalSection(SolutionConfigurationPlatforms) = preSolution
		Debug|Any CPU = Debug|Any CPU
		Release|Any CPU = Release|Any CPU
	EndGlobalSection
	GlobalSection(ProjectConfigurationPlatforms) = postSolution
		{CB6D53F6-80F6-4D30-8CCB-5798081C1391}.Debug|Any CPU.ActiveCfg = Debug|Any CPU
		{CB6D53F6-80F6-4D30-8CCB-5798081C1391}.Debug|Any CPU.Build.0 = Debug|Any CPU
		{CB6D53F6-80F6-4D30-8CCB-5798081C1391}.Release|Any CPU.ActiveCfg = Release|Any CPU
		{CB6D53F6-80F6-4D30-8CCB-5798081C1391}.Release|Any CPU.Build.0 = Release|Any CPU
		{2D3FE6B5-F179-4509-8E7A-AB70D9392109}.Debug|Any CPU.ActiveCfg = Debug|Any CPU
		{2D3FE6B5-F179-4509-8E7A-AB70D9392109}.Debug|Any CPU.Build.0 = Debug|Any CPU
		{2D3FE6B5-F179-4509-8E7A-AB70D9392109}.Release|Any CPU.ActiveCfg = Release|Any CPU
		{2D3FE6B5-F179-4509-8E7A-AB70D9392109}.Release|Any CPU.Build.0 = Release|Any CPU
	EndGlobalSection
	GlobalSection(SolutionProperties) = preSolution
		HideSolutionNode = FALSE
	EndGlobalSection
	GlobalSection(ExtensibilityGlobals) = postSolution
		SolutionGuid = {CFB75598-E750-4579-A6C3-5CA0EF79AE85}
	EndGlobalSection
EndGlobal
